// !$*UTF8*$!
{
	archiveVersion = 1;
	classes = {
	};
	objectVersion = 50;
	objects = {

/* Begin PBXBuildFile section */
		5F1A27FF2467B034007CE9E5 /* AppDelegate.swift in Sources */ = {isa = PBXBuildFile; fileRef = 5F1A27FE2467B034007CE9E5 /* AppDelegate.swift */; };
		5F1A28012467B034007CE9E5 /* SceneDelegate.swift in Sources */ = {isa = PBXBuildFile; fileRef = 5F1A28002467B034007CE9E5 /* SceneDelegate.swift */; };
		5F1A28032467B034007CE9E5 /* ViewController.swift in Sources */ = {isa = PBXBuildFile; fileRef = 5F1A28022467B034007CE9E5 /* ViewController.swift */; };
		5F1A28062467B034007CE9E5 /* Main.storyboard in Resources */ = {isa = PBXBuildFile; fileRef = 5F1A28042467B034007CE9E5 /* Main.storyboard */; };
		5F1A28082467B038007CE9E5 /* Assets.xcassets in Resources */ = {isa = PBXBuildFile; fileRef = 5F1A28072467B038007CE9E5 /* Assets.xcassets */; };
		5F1A280B2467B038007CE9E5 /* LaunchScreen.storyboard in Resources */ = {isa = PBXBuildFile; fileRef = 5F1A28092467B038007CE9E5 /* LaunchScreen.storyboard */; };
		5F1A281624692ECE007CE9E5 /* Card.swift in Sources */ = {isa = PBXBuildFile; fileRef = 5F1A281524692ECE007CE9E5 /* Card.swift */; };
		5F1A2818246960E8007CE9E5 /* Concentration.swift in Sources */ = {isa = PBXBuildFile; fileRef = 5F1A2817246960E8007CE9E5 /* Concentration.swift */; };
		5FEAE517247000E20019AC18 /* ConcentrationTests.swift in Sources */ = {isa = PBXBuildFile; fileRef = 5FEAE516247000E20019AC18 /* ConcentrationTests.swift */; };
/* End PBXBuildFile section */

/* Begin PBXContainerItemProxy section */
		5FEAE519247000E20019AC18 /* PBXContainerItemProxy */ = {
			isa = PBXContainerItemProxy;
			containerPortal = 5F1A27F32467B034007CE9E5 /* Project object */;
			proxyType = 1;
			remoteGlobalIDString = 5F1A27FA2467B034007CE9E5;
			remoteInfo = Concentration;
		};
/* End PBXContainerItemProxy section */

/* Begin PBXFileReference section */
		5F1A27FB2467B034007CE9E5 /* Concentration.app */ = {isa = PBXFileReference; explicitFileType = wrapper.application; includeInIndex = 0; path = Concentration.app; sourceTree = BUILT_PRODUCTS_DIR; };
		5F1A27FE2467B034007CE9E5 /* AppDelegate.swift */ = {isa = PBXFileReference; lastKnownFileType = sourcecode.swift; path = AppDelegate.swift; sourceTree = "<group>"; };
		5F1A28002467B034007CE9E5 /* SceneDelegate.swift */ = {isa = PBXFileReference; lastKnownFileType = sourcecode.swift; path = SceneDelegate.swift; sourceTree = "<group>"; };
		5F1A28022467B034007CE9E5 /* ViewController.swift */ = {isa = PBXFileReference; lastKnownFileType = sourcecode.swift; path = ViewController.swift; sourceTree = "<group>"; };
		5F1A28052467B034007CE9E5 /* Base */ = {isa = PBXFileReference; lastKnownFileType = file.storyboard; name = Base; path = Base.lproj/Main.storyboard; sourceTree = "<group>"; };
		5F1A28072467B038007CE9E5 /* Assets.xcassets */ = {isa = PBXFileReference; lastKnownFileType = folder.assetcatalog; path = Assets.xcassets; sourceTree = "<group>"; };
		5F1A280A2467B038007CE9E5 /* Base */ = {isa = PBXFileReference; lastKnownFileType = file.storyboard; name = Base; path = Base.lproj/LaunchScreen.storyboard; sourceTree = "<group>"; };
		5F1A280C2467B038007CE9E5 /* Info.plist */ = {isa = PBXFileReference; lastKnownFileType = text.plist.xml; path = Info.plist; sourceTree = "<group>"; };
		5F1A281524692ECE007CE9E5 /* Card.swift */ = {isa = PBXFileReference; lastKnownFileType = sourcecode.swift; path = Card.swift; sourceTree = "<group>"; };
		5F1A2817246960E8007CE9E5 /* Concentration.swift */ = {isa = PBXFileReference; fileEncoding = 4; lastKnownFileType = sourcecode.swift; path = Concentration.swift; sourceTree = "<group>"; };
		5FEAE514247000E20019AC18 /* ConcentrationTests.xctest */ = {isa = PBXFileReference; explicitFileType = wrapper.cfbundle; includeInIndex = 0; path = ConcentrationTests.xctest; sourceTree = BUILT_PRODUCTS_DIR; };
		5FEAE516247000E20019AC18 /* ConcentrationTests.swift */ = {isa = PBXFileReference; lastKnownFileType = sourcecode.swift; path = ConcentrationTests.swift; sourceTree = "<group>"; };
		5FEAE518247000E20019AC18 /* Info.plist */ = {isa = PBXFileReference; lastKnownFileType = text.plist.xml; path = Info.plist; sourceTree = "<group>"; };
/* End PBXFileReference section */

/* Begin PBXFrameworksBuildPhase section */
		5F1A27F82467B034007CE9E5 /* Frameworks */ = {
			isa = PBXFrameworksBuildPhase;
			buildActionMask = 2147483647;
			files = (
			);
			runOnlyForDeploymentPostprocessing = 0;
		};
		5FEAE511247000E20019AC18 /* Frameworks */ = {
			isa = PBXFrameworksBuildPhase;
			buildActionMask = 2147483647;
			files = (
			);
			runOnlyForDeploymentPostprocessing = 0;
		};
/* End PBXFrameworksBuildPhase section */

/* Begin PBXGroup section */
		5F1A27F22467B034007CE9E5 = {
			isa = PBXGroup;
			children = (
				5F1A27FD2467B034007CE9E5 /* Concentration */,
				5FEAE515247000E20019AC18 /* ConcentrationTests */,
				5F1A27FC2467B034007CE9E5 /* Products */,
			);
			sourceTree = "<group>";
		};
		5F1A27FC2467B034007CE9E5 /* Products */ = {
			isa = PBXGroup;
			children = (
				5F1A27FB2467B034007CE9E5 /* Concentration.app */,
				5FEAE514247000E20019AC18 /* ConcentrationTests.xctest */,
			);
			name = Products;
			sourceTree = "<group>";
		};
		5F1A27FD2467B034007CE9E5 /* Concentration */ = {
			isa = PBXGroup;
			children = (
				5F1A2817246960E8007CE9E5 /* Concentration.swift */,
				5F1A281524692ECE007CE9E5 /* Card.swift */,
				5F1A28002467B034007CE9E5 /* SceneDelegate.swift */,
				5F1A28022467B034007CE9E5 /* ViewController.swift */,
				5F1A28042467B034007CE9E5 /* Main.storyboard */,
				5F1A28122467B0C1007CE9E5 /* Supporting FIles */,
				5F1A280C2467B038007CE9E5 /* Info.plist */,
			);
			path = Concentration;
			sourceTree = "<group>";
		};
		5F1A28122467B0C1007CE9E5 /* Supporting FIles */ = {
			isa = PBXGroup;
			children = (
				5F1A27FE2467B034007CE9E5 /* AppDelegate.swift */,
				5F1A28072467B038007CE9E5 /* Assets.xcassets */,
				5F1A28092467B038007CE9E5 /* LaunchScreen.storyboard */,
			);
			path = "Supporting FIles";
			sourceTree = "<group>";
		};
		5FEAE515247000E20019AC18 /* ConcentrationTests */ = {
			isa = PBXGroup;
			children = (
				5FEAE516247000E20019AC18 /* ConcentrationTests.swift */,
				5FEAE518247000E20019AC18 /* Info.plist */,
			);
			path = ConcentrationTests;
			sourceTree = "<group>";
		};
/* End PBXGroup section */

/* Begin PBXNativeTarget section */
		5F1A27FA2467B034007CE9E5 /* Concentration */ = {
			isa = PBXNativeTarget;
			buildConfigurationList = 5F1A280F2467B038007CE9E5 /* Build configuration list for PBXNativeTarget "Concentration" */;
			buildPhases = (
				5F1A27F72467B034007CE9E5 /* Sources */,
				5F1A27F82467B034007CE9E5 /* Frameworks */,
				5F1A27F92467B034007CE9E5 /* Resources */,
			);
			buildRules = (
			);
			dependencies = (
			);
			name = Concentration;
			productName = Concentration;
			productReference = 5F1A27FB2467B034007CE9E5 /* Concentration.app */;
			productType = "com.apple.product-type.application";
		};
		5FEAE513247000E20019AC18 /* ConcentrationTests */ = {
			isa = PBXNativeTarget;
			buildConfigurationList = 5FEAE51D247000E20019AC18 /* Build configuration list for PBXNativeTarget "ConcentrationTests" */;
			buildPhases = (
				5FEAE510247000E20019AC18 /* Sources */,
				5FEAE511247000E20019AC18 /* Frameworks */,
				5FEAE512247000E20019AC18 /* Resources */,
			);
			buildRules = (
			);
			dependencies = (
				5FEAE51A247000E20019AC18 /* PBXTargetDependency */,
			);
			name = ConcentrationTests;
			productName = ConcentrationTests;
			productReference = 5FEAE514247000E20019AC18 /* ConcentrationTests.xctest */;
			productType = "com.apple.product-type.bundle.unit-test";
		};
/* End PBXNativeTarget section */

/* Begin PBXProject section */
		5F1A27F32467B034007CE9E5 /* Project object */ = {
			isa = PBXProject;
			attributes = {
				LastSwiftUpdateCheck = 1140;
				LastUpgradeCheck = 1140;
				ORGANIZATIONNAME = Yukey;
				TargetAttributes = {
					5F1A27FA2467B034007CE9E5 = {
						CreatedOnToolsVersion = 11.4.1;
					};
					5FEAE513247000E20019AC18 = {
						CreatedOnToolsVersion = 11.4.1;
						TestTargetID = 5F1A27FA2467B034007CE9E5;
					};
				};
			};
			buildConfigurationList = 5F1A27F62467B034007CE9E5 /* Build configuration list for PBXProject "Concentration" */;
			compatibilityVersion = "Xcode 9.3";
			developmentRegion = en;
			hasScannedForEncodings = 0;
			knownRegions = (
				en,
				Base,
			);
			mainGroup = 5F1A27F22467B034007CE9E5;
			productRefGroup = 5F1A27FC2467B034007CE9E5 /* Products */;
			projectDirPath = "";
			projectRoot = "";
			targets = (
				5F1A27FA2467B034007CE9E5 /* Concentration */,
				5FEAE513247000E20019AC18 /* ConcentrationTests */,
			);
		};
/* End PBXProject section */

/* Begin PBXResourcesBuildPhase section */
		5F1A27F92467B034007CE9E5 /* Resources */ = {
			isa = PBXResourcesBuildPhase;
			buildActionMask = 2147483647;
			files = (
				5F1A280B2467B038007CE9E5 /* LaunchScreen.storyboard in Resources */,
				5F1A28082467B038007CE9E5 /* Assets.xcassets in Resources */,
				5F1A28062467B034007CE9E5 /* Main.storyboard in Resources */,
			);
			runOnlyForDeploymentPostprocessing = 0;
		};
		5FEAE512247000E20019AC18 /* Resources */ = {
			isa = PBXResourcesBuildPhase;
			buildActionMask = 2147483647;
			files = (
			);
			runOnlyForDeploymentPostprocessing = 0;
		};
/* End PBXResourcesBuildPhase section */

/* Begin PBXSourcesBuildPhase section */
		5F1A27F72467B034007CE9E5 /* Sources */ = {
			isa = PBXSourcesBuildPhase;
			buildActionMask = 2147483647;
			files = (
				5F1A28032467B034007CE9E5 /* ViewController.swift in Sources */,
				5F1A2818246960E8007CE9E5 /* Concentration.swift in Sources */,
				5F1A281624692ECE007CE9E5 /* Card.swift in Sources */,
				5F1A27FF2467B034007CE9E5 /* AppDelegate.swift in Sources */,
				5F1A28012467B034007CE9E5 /* SceneDelegate.swift in Sources */,
			);
			runOnlyForDeploymentPostprocessing = 0;
		};
		5FEAE510247000E20019AC18 /* Sources */ = {
			isa = PBXSourcesBuildPhase;
			buildActionMask = 2147483647;
			files = (
				5FEAE517247000E20019AC18 /* ConcentrationTests.swift in Sources */,
			);
			runOnlyForDeploymentPostprocessing = 0;
		};
/* End PBXSourcesBuildPhase section */

/* Begin PBXTargetDependency section */
		5FEAE51A247000E20019AC18 /* PBXTargetDependency */ = {
			isa = PBXTargetDependency;
			target = 5F1A27FA2467B034007CE9E5 /* Concentration */;
			targetProxy = 5FEAE519247000E20019AC18 /* PBXContainerItemProxy */;
		};
/* End PBXTargetDependency section */

/* Begin PBXVariantGroup section */
		5F1A28042467B034007CE9E5 /* Main.storyboard */ = {
			isa = PBXVariantGroup;
			children = (
				5F1A28052467B034007CE9E5 /* Base */,
			);
			name = Main.storyboard;
			sourceTree = "<group>";
		};
		5F1A28092467B038007CE9E5 /* LaunchScreen.storyboard */ = {
			isa = PBXVariantGroup;
			children = (
				5F1A280A2467B038007CE9E5 /* Base */,
			);
			name = LaunchScreen.storyboard;
			sourceTree = "<group>";
		};
/* End PBXVariantGroup section */

/* Begin XCBuildConfiguration section */
		5F1A280D2467B038007CE9E5 /* Debug */ = {
			isa = XCBuildConfiguration;
			buildSettings = {
				ALWAYS_SEARCH_USER_PATHS = NO;
				CLANG_ANALYZER_NONNULL = YES;
				CLANG_ANALYZER_NUMBER_OBJECT_CONVERSION = YES_AGGRESSIVE;
				CLANG_CXX_LANGUAGE_STANDARD = "gnu++14";
				CLANG_CXX_LIBRARY = "libc++";
				CLANG_ENABLE_MODULES = YES;
				CLANG_ENABLE_OBJC_ARC = YES;
				CLANG_ENABLE_OBJC_WEAK = YES;
				CLANG_WARN_BLOCK_CAPTURE_AUTORELEASING = YES;
				CLANG_WARN_BOOL_CONVERSION = YES;
				CLANG_WARN_COMMA = YES;
				CLANG_WARN_CONSTANT_CONVERSION = YES;
				CLANG_WARN_DEPRECATED_OBJC_IMPLEMENTATIONS = YES;
				CLANG_WARN_DIRECT_OBJC_ISA_USAGE = YES_ERROR;
				CLANG_WARN_DOCUMENTATION_COMMENTS = YES;
				CLANG_WARN_EMPTY_BODY = YES;
				CLANG_WARN_ENUM_CONVERSION = YES;
				CLANG_WARN_INFINITE_RECURSION = YES;
				CLANG_WARN_INT_CONVERSION = YES;
				CLANG_WARN_NON_LITERAL_NULL_CONVERSION = YES;
				CLANG_WARN_OBJC_IMPLICIT_RETAIN_SELF = YES;
				CLANG_WARN_OBJC_LITERAL_CONVERSION = YES;
				CLANG_WARN_OBJC_ROOT_CLASS = YES_ERROR;
				CLANG_WARN_RANGE_LOOP_ANALYSIS = YES;
				CLANG_WARN_STRICT_PROTOTYPES = YES;
				CLANG_WARN_SUSPICIOUS_MOVE = YES;
				CLANG_WARN_UNGUARDED_AVAILABILITY = YES_AGGRESSIVE;
				CLANG_WARN_UNREACHABLE_CODE = YES;
				CLANG_WARN__DUPLICATE_METHOD_MATCH = YES;
				COPY_PHASE_STRIP = NO;
				DEBUG_INFORMATION_FORMAT = dwarf;
				ENABLE_STRICT_OBJC_MSGSEND = YES;
				ENABLE_TESTABILITY = YES;
				GCC_C_LANGUAGE_STANDARD = gnu11;
				GCC_DYNAMIC_NO_PIC = NO;
				GCC_NO_COMMON_BLOCKS = YES;
				GCC_OPTIMIZATION_LEVEL = 0;
				GCC_PREPROCESSOR_DEFINITIONS = (
					"DEBUG=1",
					"$(inherited)",
				);
				GCC_WARN_64_TO_32_BIT_CONVERSION = YES;
				GCC_WARN_ABOUT_RETURN_TYPE = YES_ERROR;
				GCC_WARN_UNDECLARED_SELECTOR = YES;
				GCC_WARN_UNINITIALIZED_AUTOS = YES_AGGRESSIVE;
				GCC_WARN_UNUSED_FUNCTION = YES;
				GCC_WARN_UNUSED_VARIABLE = YES;
				IPHONEOS_DEPLOYMENT_TARGET = 13.4;
				MTL_ENABLE_DEBUG_INFO = INCLUDE_SOURCE;
				MTL_FAST_MATH = YES;
				ONLY_ACTIVE_ARCH = YES;
				SDKROOT = iphoneos;
				SWIFT_ACTIVE_COMPILATION_CONDITIONS = DEBUG;
				SWIFT_OPTIMIZATION_LEVEL = "-Onone";
			};
			name = Debug;
		};
		5F1A280E2467B038007CE9E5 /* Release */ = {
			isa = XCBuildConfiguration;
			buildSettings = {
				ALWAYS_SEARCH_USER_PATHS = NO;
				CLANG_ANALYZER_NONNULL = YES;
				CLANG_ANALYZER_NUMBER_OBJECT_CONVERSION = YES_AGGRESSIVE;
				CLANG_CXX_LANGUAGE_STANDARD = "gnu++14";
				CLANG_CXX_LIBRARY = "libc++";
				CLANG_ENABLE_MODULES = YES;
				CLANG_ENABLE_OBJC_ARC = YES;
				CLANG_ENABLE_OBJC_WEAK = YES;
				CLANG_WARN_BLOCK_CAPTURE_AUTORELEASING = YES;
				CLANG_WARN_BOOL_CONVERSION = YES;
				CLANG_WARN_COMMA = YES;
				CLANG_WARN_CONSTANT_CONVERSION = YES;
				CLANG_WARN_DEPRECATED_OBJC_IMPLEMENTATIONS = YES;
				CLANG_WARN_DIRECT_OBJC_ISA_USAGE = YES_ERROR;
				CLANG_WARN_DOCUMENTATION_COMMENTS = YES;
				CLANG_WARN_EMPTY_BODY = YES;
				CLANG_WARN_ENUM_CONVERSION = YES;
				CLANG_WARN_INFINITE_RECURSION = YES;
				CLANG_WARN_INT_CONVERSION = YES;
				CLANG_WARN_NON_LITERAL_NULL_CONVERSION = YES;
				CLANG_WARN_OBJC_IMPLICIT_RETAIN_SELF = YES;
				CLANG_WARN_OBJC_LITERAL_CONVERSION = YES;
				CLANG_WARN_OBJC_ROOT_CLASS = YES_ERROR;
				CLANG_WARN_RANGE_LOOP_ANALYSIS = YES;
				CLANG_WARN_STRICT_PROTOTYPES = YES;
				CLANG_WARN_SUSPICIOUS_MOVE = YES;
				CLANG_WARN_UNGUARDED_AVAILABILITY = YES_AGGRESSIVE;
				CLANG_WARN_UNREACHABLE_CODE = YES;
				CLANG_WARN__DUPLICATE_METHOD_MATCH = YES;
				COPY_PHASE_STRIP = NO;
				DEBUG_INFORMATION_FORMAT = "dwarf-with-dsym";
				ENABLE_NS_ASSERTIONS = NO;
				ENABLE_STRICT_OBJC_MSGSEND = YES;
				GCC_C_LANGUAGE_STANDARD = gnu11;
				GCC_NO_COMMON_BLOCKS = YES;
				GCC_WARN_64_TO_32_BIT_CONVERSION = YES;
				GCC_WARN_ABOUT_RETURN_TYPE = YES_ERROR;
				GCC_WARN_UNDECLARED_SELECTOR = YES;
				GCC_WARN_UNINITIALIZED_AUTOS = YES_AGGRESSIVE;
				GCC_WARN_UNUSED_FUNCTION = YES;
				GCC_WARN_UNUSED_VARIABLE = YES;
				IPHONEOS_DEPLOYMENT_TARGET = 13.4;
				MTL_ENABLE_DEBUG_INFO = NO;
				MTL_FAST_MATH = YES;
				SDKROOT = iphoneos;
				SWIFT_COMPILATION_MODE = wholemodule;
				SWIFT_OPTIMIZATION_LEVEL = "-O";
				VALIDATE_PRODUCT = YES;
			};
			name = Release;
		};
		5F1A28102467B038007CE9E5 /* Debug */ = {
			isa = XCBuildConfiguration;
			buildSettings = {
				ASSETCATALOG_COMPILER_APPICON_NAME = AppIcon;
				CODE_SIGN_IDENTITY = "Apple Development";
				CODE_SIGN_STYLE = Automatic;
				DEVELOPMENT_TEAM = 9D3L3585U8;
				INFOPLIST_FILE = Concentration/Info.plist;
				IPHONEOS_DEPLOYMENT_TARGET = 13.4;
				LD_RUNPATH_SEARCH_PATHS = (
					"$(inherited)",
					"@executable_path/Frameworks",
				);
				PRODUCT_BUNDLE_IDENTIFIER = "Yukey-Concentration";
				PRODUCT_NAME = "$(TARGET_NAME)";
				PROVISIONING_PROFILE_SPECIFIER = "";
				SWIFT_VERSION = 5.0;
				TARGETED_DEVICE_FAMILY = "1,2";
			};
			name = Debug;
		};
		5F1A28112467B038007CE9E5 /* Release */ = {
			isa = XCBuildConfiguration;
			buildSettings = {
				ASSETCATALOG_COMPILER_APPICON_NAME = AppIcon;
				CODE_SIGN_IDENTITY = "Apple Development";
				CODE_SIGN_STYLE = Automatic;
				DEVELOPMENT_TEAM = 9D3L3585U8;
				INFOPLIST_FILE = Concentration/Info.plist;
				IPHONEOS_DEPLOYMENT_TARGET = 13.4;
				LD_RUNPATH_SEARCH_PATHS = (
					"$(inherited)",
					"@executable_path/Frameworks",
				);
				PRODUCT_BUNDLE_IDENTIFIER = "Yukey-Concentration";
				PRODUCT_NAME = "$(TARGET_NAME)";
				PROVISIONING_PROFILE_SPECIFIER = "";
				SWIFT_VERSION = 5.0;
				TARGETED_DEVICE_FAMILY = "1,2";
			};
			name = Release;
		};
		5FEAE51B247000E20019AC18 /* Debug */ = {
			isa = XCBuildConfiguration;
			buildSettings = {
				BUNDLE_LOADER = "$(TEST_HOST)";
				CODE_SIGN_STYLE = Automatic;
				INFOPLIST_FILE = ConcentrationTests/Info.plist;
				LD_RUNPATH_SEARCH_PATHS = (
					"$(inherited)",
					"@executable_path/Frameworks",
					"@loader_path/Frameworks",
				);
				PRODUCT_BUNDLE_IDENTIFIER = lucky.ConcentrationTests;
				PRODUCT_NAME = "$(TARGET_NAME)";
				SWIFT_VERSION = 5.0;
				TARGETED_DEVICE_FAMILY = "1,2";
				TEST_HOST = "$(BUILT_PRODUCTS_DIR)/Concentration.app/Concentration";
			};
			name = Debug;
		};
		5FEAE51C247000E20019AC18 /* Release */ = {
			isa = XCBuildConfiguration;
			buildSettings = {
				BUNDLE_LOADER = "$(TEST_HOST)";
				CODE_SIGN_STYLE = Automatic;
				INFOPLIST_FILE = ConcentrationTests/Info.plist;
				LD_RUNPATH_SEARCH_PATHS = (
					"$(inherited)",
					"@executable_path/Frameworks",
					"@loader_path/Frameworks",
				);
				PRODUCT_BUNDLE_IDENTIFIER = lucky.ConcentrationTests;
				PRODUCT_NAME = "$(TARGET_NAME)";
				SWIFT_VERSION = 5.0;
				TARGETED_DEVICE_FAMILY = "1,2";
				TEST_HOST = "$(BUILT_PRODUCTS_DIR)/Concentration.app/Concentration";
			};
			name = Release;
		};
/* End XCBuildConfiguration section */

/* Begin XCConfigurationList section */
		5F1A27F62467B034007CE9E5 /* Build configuration list for PBXProject "Concentration" */ = {
			isa = XCConfigurationList;
			buildConfigurations = (
				5F1A280D2467B038007CE9E5 /* Debug */,
				5F1A280E2467B038007CE9E5 /* Release */,
			);
			defaultConfigurationIsVisible = 0;
			defaultConfigurationName = Release;
		};
		5F1A280F2467B038007CE9E5 /* Build configuration list for PBXNativeTarget "Concentration" */ = {
			isa = XCConfigurationList;
			buildConfigurations = (
				5F1A28102467B038007CE9E5 /* Debug */,
				5F1A28112467B038007CE9E5 /* Release */,
			);
			defaultConfigurationIsVisible = 0;
			defaultConfigurationName = Release;
		};
		5FEAE51D247000E20019AC18 /* Build configuration list for PBXNativeTarget "ConcentrationTests" */ = {
			isa = XCConfigurationList;
			buildConfigurations = (
				5FEAE51B247000E20019AC18 /* Debug */,
				5FEAE51C247000E20019AC18 /* Release */,
			);
			defaultConfigurationIsVisible = 0;
			defaultConfigurationName = Release;
		};
/* End XCConfigurationList section */
	};
	rootObject = 5F1A27F32467B034007CE9E5 /* Project object */;
}
